// !$*UTF8*$!
{
	archiveVersion = 1;
	classes = {
	};
	objectVersion = 46;
	objects = {

/* Begin PBXBuildFile section */
		6E31B2B520B3AC4700DEA213 /* shadowMap.cpp in Sources */ = {isa = PBXBuildFile; fileRef = 6E31B2B420B3AC4700DEA213 /* shadowMap.cpp */; };
		6E51DFF320AE28A400EBAD83 /* heightMap.cpp in Sources */ = {isa = PBXBuildFile; fileRef = 6E51DFCF20AE271F00EBAD83 /* heightMap.cpp */; };
		6E51DFF420AE28A400EBAD83 /* object.cpp in Sources */ = {isa = PBXBuildFile; fileRef = 6E51DFD020AE271F00EBAD83 /* object.cpp */; };
		6E51DFF520AE28A400EBAD83 /* GLCompilationException.cpp in Sources */ = {isa = PBXBuildFile; fileRef = 6E51DFD820AE271F00EBAD83 /* GLCompilationException.cpp */; };
		6E51DFF620AE28A400EBAD83 /* GLException.cpp in Sources */ = {isa = PBXBuildFile; fileRef = 6E51DFD920AE271F00EBAD83 /* GLException.cpp */; };
		6E51DFF720AE28A400EBAD83 /* GLFWException.cpp in Sources */ = {isa = PBXBuildFile; fileRef = 6E51DFDA20AE271F00EBAD83 /* GLFWException.cpp */; };
		6E51DFF820AE28A400EBAD83 /* GLIOException.cpp in Sources */ = {isa = PBXBuildFile; fileRef = 6E51DFDB20AE271F00EBAD83 /* GLIOException.cpp */; };
		6E51DFF920AE28A400EBAD83 /* camera.cpp in Sources */ = {isa = PBXBuildFile; fileRef = 6E51DFDD20AE271F00EBAD83 /* camera.cpp */; };
		6E51DFFA20AE28A400EBAD83 /* renderer.cpp in Sources */ = {isa = PBXBuildFile; fileRef = 6E51DFDE20AE271F00EBAD83 /* renderer.cpp */; };
		6E51DFFB20AE28A400EBAD83 /* shaderProgram.cpp in Sources */ = {isa = PBXBuildFile; fileRef = 6E51DFDF20AE271F00EBAD83 /* shaderProgram.cpp */; };
		6E51DFFC20AE28A400EBAD83 /* texture.cpp in Sources */ = {isa = PBXBuildFile; fileRef = 6E51DFE020AE271F00EBAD83 /* texture.cpp */; };
		6E51DFFD20AE28A400EBAD83 /* window.cpp in Sources */ = {isa = PBXBuildFile; fileRef = 6E51DFE120AE271F00EBAD83 /* window.cpp */; };
		6E51DFFE20AE28A400EBAD83 /* main.cpp in Sources */ = {isa = PBXBuildFile; fileRef = 6E69ED2D20AD0E3500A78ADC /* main.cpp */; };
		6E51E00320AE4B6B00EBAD83 /* light.cpp in Sources */ = {isa = PBXBuildFile; fileRef = 6E51E00220AE4B6B00EBAD83 /* light.cpp */; };
		6E51E00820AE6F6900EBAD83 /* directionalLight.cpp in Sources */ = {isa = PBXBuildFile; fileRef = 6E51E00720AE6F6900EBAD83 /* directionalLight.cpp */; };
		6E51E00A20AE820000EBAD83 /* pointLight.cpp in Sources */ = {isa = PBXBuildFile; fileRef = 6E51E00920AE820000EBAD83 /* pointLight.cpp */; };
		6E69ED8120AD169500A78ADC /* OpenGL.framework in Frameworks */ = {isa = PBXBuildFile; fileRef = 6E69ED8020AD169500A78ADC /* OpenGL.framework */; };
		6E69ED8320AD16CB00A78ADC /* libGLEW.2.1.0.dylib in Frameworks */ = {isa = PBXBuildFile; fileRef = 6E69ED8220AD16CB00A78ADC /* libGLEW.2.1.0.dylib */; };
		6E69ED8520AD16E200A78ADC /* libglfw.3.2.dylib in Frameworks */ = {isa = PBXBuildFile; fileRef = 6E69ED8420AD16E200A78ADC /* libglfw.3.2.dylib */; };
		6E8C2F0C20B0AD89009195E3 /* mesh.cpp in Sources */ = {isa = PBXBuildFile; fileRef = 6E8C2F0B20B0AD89009195E3 /* mesh.cpp */; };
		6E8C2F2220B0DF18009195E3 /* objloader.cpp in Sources */ = {isa = PBXBuildFile; fileRef = 6E8C2F2120B0DF18009195E3 /* objloader.cpp */; };
/* End PBXBuildFile section */

/* Begin PBXCopyFilesBuildPhase section */
		6E69ED2820AD0E3500A78ADC /* CopyFiles */ = {
			isa = PBXCopyFilesBuildPhase;
			buildActionMask = 2147483647;
			dstPath = /usr/share/man/man1/;
			dstSubfolderSpec = 0;
			files = (
			);
			runOnlyForDeploymentPostprocessing = 1;
		};
/* End PBXCopyFilesBuildPhase section */

/* Begin PBXFileReference section */
		6E31B2AD20B3946C00DEA213 /* broadcaster.h */ = {isa = PBXFileReference; lastKnownFileType = sourcecode.c.h; path = broadcaster.h; sourceTree = "<group>"; };
		6E31B2AE20B3A69B00DEA213 /* heightMap.h */ = {isa = PBXFileReference; fileEncoding = 4; lastKnownFileType = sourcecode.c.h; path = heightMap.h; sourceTree = "<group>"; };
		6E31B2AF20B3A6A500DEA213 /* directionalLight.h */ = {isa = PBXFileReference; fileEncoding = 4; lastKnownFileType = sourcecode.c.h; name = directionalLight.h; path = lights/directionalLight.h; sourceTree = "<group>"; };
		6E31B2B020B3A6A500DEA213 /* light.h */ = {isa = PBXFileReference; fileEncoding = 4; lastKnownFileType = sourcecode.c.h; name = light.h; path = lights/light.h; sourceTree = "<group>"; };
		6E31B2B120B3A6A500DEA213 /* pointLight.h */ = {isa = PBXFileReference; fileEncoding = 4; lastKnownFileType = sourcecode.c.h; name = pointLight.h; path = lights/pointLight.h; sourceTree = "<group>"; };
		6E31B2B220B3A6A500DEA213 /* spotLight.h */ = {isa = PBXFileReference; fileEncoding = 4; lastKnownFileType = sourcecode.c.h; name = spotLight.h; path = lights/spotLight.h; sourceTree = "<group>"; };
		6E31B2B320B3AB4200DEA213 /* shadowMap.h */ = {isa = PBXFileReference; lastKnownFileType = sourcecode.c.h; path = shadowMap.h; sourceTree = "<group>"; };
		6E31B2B420B3AC4700DEA213 /* shadowMap.cpp */ = {isa = PBXFileReference; fileEncoding = 4; lastKnownFileType = sourcecode.cpp.cpp; path = shadowMap.cpp; sourceTree = "<group>"; };
		6E31B2B620B3C2B700DEA213 /* shadow.vert */ = {isa = PBXFileReference; fileEncoding = 4; lastKnownFileType = sourcecode.glsl; path = shadow.vert; sourceTree = "<group>"; };
		6E31B2B720B3C37400DEA213 /* shadow.frag */ = {isa = PBXFileReference; fileEncoding = 4; lastKnownFileType = sourcecode.glsl; path = shadow.frag; sourceTree = "<group>"; };
		6E51DF7120AE21F000EBAD83 /* main.h */ = {isa = PBXFileReference; lastKnownFileType = sourcecode.c.h; name = main.h; path = "COMP371-A2/main.h"; sourceTree = SOURCE_ROOT; };
		6E51DF9B20AE264500EBAD83 /* CImg.h */ = {isa = PBXFileReference; fileEncoding = 4; lastKnownFileType = sourcecode.c.h; path = CImg.h; sourceTree = "<group>"; };
		6E51DFA020AE264500EBAD83 /* object.h */ = {isa = PBXFileReference; fileEncoding = 4; lastKnownFileType = sourcecode.c.h; path = object.h; sourceTree = "<group>"; };
		6E51DFA420AE264500EBAD83 /* GLCompilationException.h */ = {isa = PBXFileReference; fileEncoding = 4; lastKnownFileType = sourcecode.c.h; path = GLCompilationException.h; sourceTree = "<group>"; };
		6E51DFA520AE264500EBAD83 /* GLException.h */ = {isa = PBXFileReference; fileEncoding = 4; lastKnownFileType = sourcecode.c.h; path = GLException.h; sourceTree = "<group>"; };
		6E51DFA620AE264500EBAD83 /* GLFWException.h */ = {isa = PBXFileReference; fileEncoding = 4; lastKnownFileType = sourcecode.c.h; path = GLFWException.h; sourceTree = "<group>"; };
		6E51DFA720AE264500EBAD83 /* GLIOException.h */ = {isa = PBXFileReference; fileEncoding = 4; lastKnownFileType = sourcecode.c.h; path = GLIOException.h; sourceTree = "<group>"; };
		6E51DFAA20AE264500EBAD83 /* camera.h */ = {isa = PBXFileReference; fileEncoding = 4; lastKnownFileType = sourcecode.c.h; path = camera.h; sourceTree = "<group>"; };
		6E51DFAB20AE264500EBAD83 /* renderer.h */ = {isa = PBXFileReference; fileEncoding = 4; lastKnownFileType = sourcecode.c.h; path = renderer.h; sourceTree = "<group>"; };
		6E51DFAC20AE264500EBAD83 /* shaderProgram.h */ = {isa = PBXFileReference; fileEncoding = 4; lastKnownFileType = sourcecode.c.h; path = shaderProgram.h; sourceTree = "<group>"; };
		6E51DFAD20AE264500EBAD83 /* texture.h */ = {isa = PBXFileReference; fileEncoding = 4; lastKnownFileType = sourcecode.c.h; path = texture.h; sourceTree = "<group>"; };
		6E51DFAE20AE264500EBAD83 /* window.h */ = {isa = PBXFileReference; fileEncoding = 4; lastKnownFileType = sourcecode.c.h; path = window.h; sourceTree = "<group>"; };
		6E51DFB020AE264500EBAD83 /* camera_shader.vert */ = {isa = PBXFileReference; fileEncoding = 4; lastKnownFileType = sourcecode.glsl; path = camera_shader.vert; sourceTree = "<group>"; };
		6E51DFB120AE264500EBAD83 /* camera_shader_height.vert */ = {isa = PBXFileReference; fileEncoding = 4; lastKnownFileType = sourcecode.glsl; path = camera_shader_height.vert; sourceTree = "<group>"; };
		6E51DFB820AE264500EBAD83 /* shader.frag */ = {isa = PBXFileReference; fileEncoding = 4; lastKnownFileType = sourcecode.glsl; path = shader.frag; sourceTree = "<group>"; };
		6E51DFB920AE264500EBAD83 /* debug.vert */ = {isa = PBXFileReference; fileEncoding = 4; lastKnownFileType = sourcecode.glsl; path = debug.vert; sourceTree = "<group>"; };
		6E51DFBA20AE264500EBAD83 /* shader_height.frag */ = {isa = PBXFileReference; fileEncoding = 4; lastKnownFileType = sourcecode.glsl; path = shader_height.frag; sourceTree = "<group>"; };
		6E51DFBB20AE264500EBAD83 /* README.txt */ = {isa = PBXFileReference; fileEncoding = 4; lastKnownFileType = text; name = README.txt; path = "COMP371-A2/README.txt"; sourceTree = "<group>"; };
		6E51DFCF20AE271F00EBAD83 /* heightMap.cpp */ = {isa = PBXFileReference; fileEncoding = 4; lastKnownFileType = sourcecode.cpp.cpp; path = heightMap.cpp; sourceTree = "<group>"; };
		6E51DFD020AE271F00EBAD83 /* object.cpp */ = {isa = PBXFileReference; fileEncoding = 4; lastKnownFileType = sourcecode.cpp.cpp; path = object.cpp; sourceTree = "<group>"; };
		6E51DFD820AE271F00EBAD83 /* GLCompilationException.cpp */ = {isa = PBXFileReference; fileEncoding = 4; lastKnownFileType = sourcecode.cpp.cpp; path = GLCompilationException.cpp; sourceTree = "<group>"; };
		6E51DFD920AE271F00EBAD83 /* GLException.cpp */ = {isa = PBXFileReference; fileEncoding = 4; lastKnownFileType = sourcecode.cpp.cpp; path = GLException.cpp; sourceTree = "<group>"; };
		6E51DFDA20AE271F00EBAD83 /* GLFWException.cpp */ = {isa = PBXFileReference; fileEncoding = 4; lastKnownFileType = sourcecode.cpp.cpp; path = GLFWException.cpp; sourceTree = "<group>"; };
		6E51DFDB20AE271F00EBAD83 /* GLIOException.cpp */ = {isa = PBXFileReference; fileEncoding = 4; lastKnownFileType = sourcecode.cpp.cpp; path = GLIOException.cpp; sourceTree = "<group>"; };
		6E51DFDD20AE271F00EBAD83 /* camera.cpp */ = {isa = PBXFileReference; fileEncoding = 4; lastKnownFileType = sourcecode.cpp.cpp; path = camera.cpp; sourceTree = "<group>"; };
		6E51DFDE20AE271F00EBAD83 /* renderer.cpp */ = {isa = PBXFileReference; fileEncoding = 4; lastKnownFileType = sourcecode.cpp.cpp; path = renderer.cpp; sourceTree = "<group>"; };
		6E51DFDF20AE271F00EBAD83 /* shaderProgram.cpp */ = {isa = PBXFileReference; fileEncoding = 4; lastKnownFileType = sourcecode.cpp.cpp; path = shaderProgram.cpp; sourceTree = "<group>"; };
		6E51DFE020AE271F00EBAD83 /* texture.cpp */ = {isa = PBXFileReference; fileEncoding = 4; lastKnownFileType = sourcecode.cpp.cpp; path = texture.cpp; sourceTree = "<group>"; };
		6E51DFE120AE271F00EBAD83 /* window.cpp */ = {isa = PBXFileReference; fileEncoding = 4; lastKnownFileType = sourcecode.cpp.cpp; path = window.cpp; sourceTree = "<group>"; };
		6E51E00020AE328300EBAD83 /* debug.frag */ = {isa = PBXFileReference; fileEncoding = 4; lastKnownFileType = sourcecode.glsl; path = debug.frag; sourceTree = "<group>"; };
		6E51E00220AE4B6B00EBAD83 /* light.cpp */ = {isa = PBXFileReference; fileEncoding = 4; lastKnownFileType = sourcecode.cpp.cpp; name = light.cpp; path = lights/light.cpp; sourceTree = "<group>"; };
		6E51E00520AE54AF00EBAD83 /* light.frag */ = {isa = PBXFileReference; fileEncoding = 4; lastKnownFileType = sourcecode.glsl; path = light.frag; sourceTree = "<group>"; };
		6E51E00620AE553700EBAD83 /* light.vert */ = {isa = PBXFileReference; fileEncoding = 4; lastKnownFileType = sourcecode.glsl; path = light.vert; sourceTree = "<group>"; };
		6E51E00720AE6F6900EBAD83 /* directionalLight.cpp */ = {isa = PBXFileReference; fileEncoding = 4; lastKnownFileType = sourcecode.cpp.cpp; name = directionalLight.cpp; path = lights/directionalLight.cpp; sourceTree = "<group>"; };
		6E51E00920AE820000EBAD83 /* pointLight.cpp */ = {isa = PBXFileReference; fileEncoding = 4; lastKnownFileType = sourcecode.cpp.cpp; name = pointLight.cpp; path = lights/pointLight.cpp; sourceTree = "<group>"; };
		6E69ED2A20AD0E3500A78ADC /* COMP371-A2 */ = {isa = PBXFileReference; explicitFileType = "compiled.mach-o.executable"; includeInIndex = 0; path = "COMP371-A2"; sourceTree = BUILT_PRODUCTS_DIR; };
		6E69ED2D20AD0E3500A78ADC /* main.cpp */ = {isa = PBXFileReference; lastKnownFileType = sourcecode.cpp.cpp; name = main.cpp; path = "COMP371-A2/main.cpp"; sourceTree = "<group>"; };
		6E69ED8020AD169500A78ADC /* OpenGL.framework */ = {isa = PBXFileReference; lastKnownFileType = wrapper.framework; name = OpenGL.framework; path = System/Library/Frameworks/OpenGL.framework; sourceTree = SDKROOT; };
		6E69ED8220AD16CB00A78ADC /* libGLEW.2.1.0.dylib */ = {isa = PBXFileReference; lastKnownFileType = "compiled.mach-o.dylib"; name = libGLEW.2.1.0.dylib; path = ../../../../../../usr/local/Cellar/glew/2.1.0/lib/libGLEW.2.1.0.dylib; sourceTree = "<group>"; };
		6E69ED8420AD16E200A78ADC /* libglfw.3.2.dylib */ = {isa = PBXFileReference; lastKnownFileType = "compiled.mach-o.dylib"; name = libglfw.3.2.dylib; path = ../../../../../../usr/local/Cellar/glfw/3.2.1/lib/libglfw.3.2.dylib; sourceTree = "<group>"; };
		6E8C2F0A20B09ADF009195E3 /* mesh.h */ = {isa = PBXFileReference; lastKnownFileType = sourcecode.c.h; path = mesh.h; sourceTree = "<group>"; };
		6E8C2F0B20B0AD89009195E3 /* mesh.cpp */ = {isa = PBXFileReference; fileEncoding = 4; lastKnownFileType = sourcecode.cpp.cpp; path = mesh.cpp; sourceTree = "<group>"; };
		6E8C2F0E20B0D258009195E3 /* scene.obj */ = {isa = PBXFileReference; fileEncoding = 4; lastKnownFileType = text; path = scene.obj; sourceTree = "<group>"; };
		6E8C2F0F20B0D258009195E3 /* teddy.obj */ = {isa = PBXFileReference; fileEncoding = 4; lastKnownFileType = text; path = teddy.obj; sourceTree = "<group>"; };
		6E8C2F2020B0DF02009195E3 /* objloader.hpp */ = {isa = PBXFileReference; fileEncoding = 4; lastKnownFileType = sourcecode.cpp.h; path = objloader.hpp; sourceTree = "<group>"; };
		6E8C2F2120B0DF18009195E3 /* objloader.cpp */ = {isa = PBXFileReference; fileEncoding = 4; lastKnownFileType = sourcecode.cpp.cpp; path = objloader.cpp; sourceTree = "<group>"; };
		6EF5D14B20B105520014E290 /* cow.obj */ = {isa = PBXFileReference; fileEncoding = 4; lastKnownFileType = text; path = cow.obj; sourceTree = "<group>"; };
		6EF5D14C20B105520014E290 /* first.obj */ = {isa = PBXFileReference; fileEncoding = 4; lastKnownFileType = text; path = first.obj; sourceTree = "<group>"; };
		6EF5D14D20B105520014E290 /* pumpkin.obj */ = {isa = PBXFileReference; fileEncoding = 4; lastKnownFileType = text; path = pumpkin.obj; sourceTree = "<group>"; };
		6EF5D14E20B105520014E290 /* teapot.obj */ = {isa = PBXFileReference; fileEncoding = 4; lastKnownFileType = text; path = teapot.obj; sourceTree = "<group>"; };
		6EF5D14F20B105520014E290 /* teddy2.obj */ = {isa = PBXFileReference; fileEncoding = 4; lastKnownFileType = text; path = teddy2.obj; sourceTree = "<group>"; };
/* End PBXFileReference section */

/* Begin PBXFrameworksBuildPhase section */
		6E69ED2720AD0E3500A78ADC /* Frameworks */ = {
			isa = PBXFrameworksBuildPhase;
			buildActionMask = 2147483647;
			files = (
				6E69ED8520AD16E200A78ADC /* libglfw.3.2.dylib in Frameworks */,
				6E69ED8320AD16CB00A78ADC /* libGLEW.2.1.0.dylib in Frameworks */,
				6E69ED8120AD169500A78ADC /* OpenGL.framework in Frameworks */,
			);
			runOnlyForDeploymentPostprocessing = 0;
		};
/* End PBXFrameworksBuildPhase section */

/* Begin PBXGroup section */
		6E51DF9A20AE264500EBAD83 /* include */ = {
			isa = PBXGroup;
			children = (
				6E51DF9B20AE264500EBAD83 /* CImg.h */,
				6E51DF9C20AE264500EBAD83 /* entities */,
				6E51DFA320AE264500EBAD83 /* exceptions */,
				6E51DFA920AE264500EBAD83 /* functional */,
			);
			path = include;
			sourceTree = "<group>";
		};
		6E51DF9C20AE264500EBAD83 /* entities */ = {
			isa = PBXGroup;
			children = (
				6E31B2AE20B3A69B00DEA213 /* heightMap.h */,
				6E51DFA020AE264500EBAD83 /* object.h */,
				6E8C2F0A20B09ADF009195E3 /* mesh.h */,
				6E51DFFF20AE2C9B00EBAD83 /* lights */,
			);
			path = entities;
			sourceTree = "<group>";
		};
		6E51DFA320AE264500EBAD83 /* exceptions */ = {
			isa = PBXGroup;
			children = (
				6E51DFA420AE264500EBAD83 /* GLCompilationException.h */,
				6E51DFA520AE264500EBAD83 /* GLException.h */,
				6E51DFA620AE264500EBAD83 /* GLFWException.h */,
				6E51DFA720AE264500EBAD83 /* GLIOException.h */,
			);
			path = exceptions;
			sourceTree = "<group>";
		};
		6E51DFA920AE264500EBAD83 /* functional */ = {
			isa = PBXGroup;
			children = (
				6E8C2F2020B0DF02009195E3 /* objloader.hpp */,
				6E51DFAA20AE264500EBAD83 /* camera.h */,
				6E51DFAB20AE264500EBAD83 /* renderer.h */,
				6E51DFAC20AE264500EBAD83 /* shaderProgram.h */,
				6E51DFAD20AE264500EBAD83 /* texture.h */,
				6E31B2B320B3AB4200DEA213 /* shadowMap.h */,
				6E51DFAE20AE264500EBAD83 /* window.h */,
				6E31B2AD20B3946C00DEA213 /* broadcaster.h */,
			);
			path = functional;
			sourceTree = "<group>";
		};
		6E51DFAF20AE264500EBAD83 /* shaders */ = {
			isa = PBXGroup;
			children = (
				6E51DFB020AE264500EBAD83 /* camera_shader.vert */,
				6E51DFB120AE264500EBAD83 /* camera_shader_height.vert */,
				6E51DFB820AE264500EBAD83 /* shader.frag */,
				6E51DFBA20AE264500EBAD83 /* shader_height.frag */,
				6E51E00020AE328300EBAD83 /* debug.frag */,
				6E51DFB920AE264500EBAD83 /* debug.vert */,
				6E51E00520AE54AF00EBAD83 /* light.frag */,
				6E51E00620AE553700EBAD83 /* light.vert */,
				6E31B2B620B3C2B700DEA213 /* shadow.vert */,
				6E31B2B720B3C37400DEA213 /* shadow.frag */,
			);
			name = shaders;
			path = include/shaders;
			sourceTree = "<group>";
		};
		6E51DFCD20AE271F00EBAD83 /* src */ = {
			isa = PBXGroup;
			children = (
				6E51DFCE20AE271F00EBAD83 /* entities */,
				6E51DFD120AE271F00EBAD83 /* exceptions */,
				6E51DFDC20AE271F00EBAD83 /* functional */,
			);
			path = src;
			sourceTree = "<group>";
		};
		6E51DFCE20AE271F00EBAD83 /* entities */ = {
			isa = PBXGroup;
			children = (
				6E51DFCF20AE271F00EBAD83 /* heightMap.cpp */,
				6E51DFD020AE271F00EBAD83 /* object.cpp */,
				6E8C2F0B20B0AD89009195E3 /* mesh.cpp */,
				6E51E00120AE4A3600EBAD83 /* lights */,
			);
			path = entities;
			sourceTree = "<group>";
		};
		6E51DFD120AE271F00EBAD83 /* exceptions */ = {
			isa = PBXGroup;
			children = (
				6E51DFD820AE271F00EBAD83 /* GLCompilationException.cpp */,
				6E51DFD920AE271F00EBAD83 /* GLException.cpp */,
				6E51DFDA20AE271F00EBAD83 /* GLFWException.cpp */,
				6E51DFDB20AE271F00EBAD83 /* GLIOException.cpp */,
			);
			path = exceptions;
			sourceTree = "<group>";
		};
		6E51DFDC20AE271F00EBAD83 /* functional */ = {
			isa = PBXGroup;
			children = (
				6E8C2F2120B0DF18009195E3 /* objloader.cpp */,
				6E51DFDF20AE271F00EBAD83 /* shaderProgram.cpp */,
				6E51DFE120AE271F00EBAD83 /* window.cpp */,
				6E51DFDD20AE271F00EBAD83 /* camera.cpp */,
				6E51DFDE20AE271F00EBAD83 /* renderer.cpp */,
				6E51DFE020AE271F00EBAD83 /* texture.cpp */,
				6E31B2B420B3AC4700DEA213 /* shadowMap.cpp */,
			);
			path = functional;
			sourceTree = "<group>";
		};
		6E51DFFF20AE2C9B00EBAD83 /* lights */ = {
			isa = PBXGroup;
			children = (
				6E31B2AF20B3A6A500DEA213 /* directionalLight.h */,
				6E31B2B020B3A6A500DEA213 /* light.h */,
				6E31B2B120B3A6A500DEA213 /* pointLight.h */,
				6E31B2B220B3A6A500DEA213 /* spotLight.h */,
			);
			name = lights;
			sourceTree = "<group>";
		};
		6E51E00120AE4A3600EBAD83 /* lights */ = {
			isa = PBXGroup;
			children = (
				6E51E00220AE4B6B00EBAD83 /* light.cpp */,
				6E51E00720AE6F6900EBAD83 /* directionalLight.cpp */,
				6E51E00920AE820000EBAD83 /* pointLight.cpp */,
			);
			name = lights;
			sourceTree = "<group>";
		};
		6E69ED2120AD0E3500A78ADC = {
			isa = PBXGroup;
			children = (
				6E51DFBB20AE264500EBAD83 /* README.txt */,
				6E69ED8420AD16E200A78ADC /* libglfw.3.2.dylib */,
				6E69ED8220AD16CB00A78ADC /* libGLEW.2.1.0.dylib */,
				6E69ED8020AD169500A78ADC /* OpenGL.framework */,
				6E69ED2C20AD0E3500A78ADC /* COMP371-A2 */,
				6E69ED2D20AD0E3500A78ADC /* main.cpp */,
				6E51DF7120AE21F000EBAD83 /* main.h */,
				6E69ED2B20AD0E3500A78ADC /* Products */,
			);
			sourceTree = "<group>";
		};
		6E69ED2B20AD0E3500A78ADC /* Products */ = {
			isa = PBXGroup;
			children = (
				6E69ED2A20AD0E3500A78ADC /* COMP371-A2 */,
			);
			name = Products;
			sourceTree = "<group>";
		};
		6E69ED2C20AD0E3500A78ADC /* COMP371-A2 */ = {
			isa = PBXGroup;
			children = (
				6E8C2F0D20B0D258009195E3 /* objectfiles */,
				6E51DFAF20AE264500EBAD83 /* shaders */,
				6E51DF9A20AE264500EBAD83 /* include */,
				6E51DFCD20AE271F00EBAD83 /* src */,
			);
			path = "COMP371-A2";
			sourceTree = "<group>";
		};
		6E8C2F0D20B0D258009195E3 /* objectfiles */ = {
			isa = PBXGroup;
			children = (
				6EF5D14B20B105520014E290 /* cow.obj */,
				6EF5D14C20B105520014E290 /* first.obj */,
				6EF5D14D20B105520014E290 /* pumpkin.obj */,
				6EF5D14E20B105520014E290 /* teapot.obj */,
				6EF5D14F20B105520014E290 /* teddy2.obj */,
				6E8C2F0E20B0D258009195E3 /* scene.obj */,
				6E8C2F0F20B0D258009195E3 /* teddy.obj */,
			);
			name = objectfiles;
			path = include/objectfiles;
			sourceTree = "<group>";
		};
/* End PBXGroup section */

/* Begin PBXNativeTarget section */
		6E69ED2920AD0E3500A78ADC /* COMP371-A2 */ = {
			isa = PBXNativeTarget;
			buildConfigurationList = 6E69ED3120AD0E3500A78ADC /* Build configuration list for PBXNativeTarget "COMP371-A2" */;
			buildPhases = (
				6E69ED2620AD0E3500A78ADC /* Sources */,
				6E69ED2720AD0E3500A78ADC /* Frameworks */,
				6E69ED2820AD0E3500A78ADC /* CopyFiles */,
			);
			buildRules = (
			);
			dependencies = (
			);
			name = "COMP371-A2";
			productName = "COMP371-A2";
			productReference = 6E69ED2A20AD0E3500A78ADC /* COMP371-A2 */;
			productType = "com.apple.product-type.tool";
		};
/* End PBXNativeTarget section */

/* Begin PBXProject section */
		6E69ED2220AD0E3500A78ADC /* Project object */ = {
			isa = PBXProject;
			attributes = {
				LastUpgradeCheck = 0720;
				ORGANIZATIONNAME = "Mathew Plouffe";
				TargetAttributes = {
					6E69ED2920AD0E3500A78ADC = {
						CreatedOnToolsVersion = 7.2;
					};
				};
			};
			buildConfigurationList = 6E69ED2520AD0E3500A78ADC /* Build configuration list for PBXProject "COMP371-A2" */;
			compatibilityVersion = "Xcode 3.2";
			developmentRegion = English;
			hasScannedForEncodings = 0;
			knownRegions = (
				en,
			);
			mainGroup = 6E69ED2120AD0E3500A78ADC;
			productRefGroup = 6E69ED2B20AD0E3500A78ADC /* Products */;
			projectDirPath = "";
			projectRoot = "";
			targets = (
				6E69ED2920AD0E3500A78ADC /* COMP371-A2 */,
			);
		};
/* End PBXProject section */

/* Begin PBXSourcesBuildPhase section */
		6E69ED2620AD0E3500A78ADC /* Sources */ = {
			isa = PBXSourcesBuildPhase;
			buildActionMask = 2147483647;
			files = (
				6E8C2F2220B0DF18009195E3 /* objloader.cpp in Sources */,
				6E51DFF320AE28A400EBAD83 /* heightMap.cpp in Sources */,
				6E31B2B520B3AC4700DEA213 /* shadowMap.cpp in Sources */,
				6E51DFF420AE28A400EBAD83 /* object.cpp in Sources */,
				6E51DFF520AE28A400EBAD83 /* GLCompilationException.cpp in Sources */,
				6E8C2F0C20B0AD89009195E3 /* mesh.cpp in Sources */,
				6E51DFF620AE28A400EBAD83 /* GLException.cpp in Sources */,
				6E51DFF720AE28A400EBAD83 /* GLFWException.cpp in Sources */,
				6E51DFF820AE28A400EBAD83 /* GLIOException.cpp in Sources */,
				6E51DFF920AE28A400EBAD83 /* camera.cpp in Sources */,
				6E51DFFA20AE28A400EBAD83 /* renderer.cpp in Sources */,
				6E51DFFB20AE28A400EBAD83 /* shaderProgram.cpp in Sources */,
				6E51E00820AE6F6900EBAD83 /* directionalLight.cpp in Sources */,
				6E51DFFC20AE28A400EBAD83 /* texture.cpp in Sources */,
				6E51E00A20AE820000EBAD83 /* pointLight.cpp in Sources */,
				6E51E00320AE4B6B00EBAD83 /* light.cpp in Sources */,
				6E51DFFD20AE28A400EBAD83 /* window.cpp in Sources */,
				6E51DFFE20AE28A400EBAD83 /* main.cpp in Sources */,
			);
			runOnlyForDeploymentPostprocessing = 0;
		};
/* End PBXSourcesBuildPhase section */

/* Begin XCBuildConfiguration section */
		6E69ED2F20AD0E3500A78ADC /* Debug */ = {
			isa = XCBuildConfiguration;
			buildSettings = {
				ALWAYS_SEARCH_USER_PATHS = NO;
				CLANG_CXX_LANGUAGE_STANDARD = "gnu++0x";
				CLANG_CXX_LIBRARY = "libc++";
				CLANG_ENABLE_MODULES = YES;
				CLANG_ENABLE_OBJC_ARC = YES;
				CLANG_WARN_BOOL_CONVERSION = YES;
				CLANG_WARN_CONSTANT_CONVERSION = YES;
				CLANG_WARN_DIRECT_OBJC_ISA_USAGE = YES_ERROR;
				CLANG_WARN_EMPTY_BODY = YES;
				CLANG_WARN_ENUM_CONVERSION = YES;
				CLANG_WARN_INT_CONVERSION = YES;
				CLANG_WARN_OBJC_ROOT_CLASS = YES_ERROR;
				CLANG_WARN_UNREACHABLE_CODE = YES;
				CLANG_WARN__DUPLICATE_METHOD_MATCH = YES;
				CODE_SIGN_IDENTITY = "-";
				COPY_PHASE_STRIP = NO;
				DEBUG_INFORMATION_FORMAT = dwarf;
				ENABLE_STRICT_OBJC_MSGSEND = YES;
				ENABLE_TESTABILITY = YES;
				GCC_C_LANGUAGE_STANDARD = gnu99;
				GCC_DYNAMIC_NO_PIC = NO;
				GCC_NO_COMMON_BLOCKS = YES;
				GCC_OPTIMIZATION_LEVEL = 0;
				GCC_PREPROCESSOR_DEFINITIONS = (
					"DEBUG=1",
					"$(inherited)",
				);
				GCC_WARN_64_TO_32_BIT_CONVERSION = YES;
				GCC_WARN_ABOUT_RETURN_TYPE = YES_ERROR;
				GCC_WARN_UNDECLARED_SELECTOR = YES;
				GCC_WARN_UNINITIALIZED_AUTOS = YES_AGGRESSIVE;
				GCC_WARN_UNUSED_FUNCTION = YES;
				GCC_WARN_UNUSED_VARIABLE = YES;
				MACOSX_DEPLOYMENT_TARGET = 10.10;
				MTL_ENABLE_DEBUG_INFO = YES;
				ONLY_ACTIVE_ARCH = YES;
				SDKROOT = macosx;
			};
			name = Debug;
		};
		6E69ED3020AD0E3500A78ADC /* Release */ = {
			isa = XCBuildConfiguration;
			buildSettings = {
				ALWAYS_SEARCH_USER_PATHS = NO;
				CLANG_CXX_LANGUAGE_STANDARD = "gnu++0x";
				CLANG_CXX_LIBRARY = "libc++";
				CLANG_ENABLE_MODULES = YES;
				CLANG_ENABLE_OBJC_ARC = YES;
				CLANG_WARN_BOOL_CONVERSION = YES;
				CLANG_WARN_CONSTANT_CONVERSION = YES;
				CLANG_WARN_DIRECT_OBJC_ISA_USAGE = YES_ERROR;
				CLANG_WARN_EMPTY_BODY = YES;
				CLANG_WARN_ENUM_CONVERSION = YES;
				CLANG_WARN_INT_CONVERSION = YES;
				CLANG_WARN_OBJC_ROOT_CLASS = YES_ERROR;
				CLANG_WARN_UNREACHABLE_CODE = YES;
				CLANG_WARN__DUPLICATE_METHOD_MATCH = YES;
				CODE_SIGN_IDENTITY = "-";
				COPY_PHASE_STRIP = NO;
				DEBUG_INFORMATION_FORMAT = "dwarf-with-dsym";
				ENABLE_NS_ASSERTIONS = NO;
				ENABLE_STRICT_OBJC_MSGSEND = YES;
				GCC_C_LANGUAGE_STANDARD = gnu99;
				GCC_NO_COMMON_BLOCKS = YES;
				GCC_WARN_64_TO_32_BIT_CONVERSION = YES;
				GCC_WARN_ABOUT_RETURN_TYPE = YES_ERROR;
				GCC_WARN_UNDECLARED_SELECTOR = YES;
				GCC_WARN_UNINITIALIZED_AUTOS = YES_AGGRESSIVE;
				GCC_WARN_UNUSED_FUNCTION = YES;
				GCC_WARN_UNUSED_VARIABLE = YES;
				MACOSX_DEPLOYMENT_TARGET = 10.10;
				MTL_ENABLE_DEBUG_INFO = NO;
				SDKROOT = macosx;
			};
			name = Release;
		};
		6E69ED3220AD0E3500A78ADC /* Debug */ = {
			isa = XCBuildConfiguration;
			buildSettings = {
				ALWAYS_SEARCH_USER_PATHS = YES;
				HEADER_SEARCH_PATHS = (
					/usr/local/include,
					/usr/local/Cellar/glm/0.9.8.5/include,
					/usr/local/Cellar/glew/2.1.0/include,
					/usr/local/Cellar/glfw/3.2.1/include,
				);
				LIBRARY_SEARCH_PATHS = (
					"$(inherited)",
					/usr/local/Cellar/glew/2.1.0/lib,
					/usr/local/Cellar/glfw/3.2.1/lib,
				);
				PRODUCT_NAME = "$(TARGET_NAME)";
				USER_HEADER_SEARCH_PATHS = "";
			};
			name = Debug;
		};
		6E69ED3320AD0E3500A78ADC /* Release */ = {
			isa = XCBuildConfiguration;
			buildSettings = {
				ALWAYS_SEARCH_USER_PATHS = YES;
				HEADER_SEARCH_PATHS = (
					/usr/local/include,
					/usr/local/Cellar/glm/0.9.8.5/include,
					/usr/local/Cellar/glew/2.1.0/include,
					/usr/local/Cellar/glfw/3.2.1/include,
				);
				LIBRARY_SEARCH_PATHS = (
					"$(inherited)",
					/usr/local/Cellar/glew/2.1.0/lib,
					/usr/local/Cellar/glfw/3.2.1/lib,
				);
				PRODUCT_NAME = "$(TARGET_NAME)";
				USER_HEADER_SEARCH_PATHS = "";
			};
			name = Release;
		};
/* End XCBuildConfiguration section */

/* Begin XCConfigurationList section */
		6E69ED2520AD0E3500A78ADC /* Build configuration list for PBXProject "COMP371-A2" */ = {
			isa = XCConfigurationList;
			buildConfigurations = (
				6E69ED2F20AD0E3500A78ADC /* Debug */,
				6E69ED3020AD0E3500A78ADC /* Release */,
			);
			defaultConfigurationIsVisible = 0;
			defaultConfigurationName = Release;
		};
		6E69ED3120AD0E3500A78ADC /* Build configuration list for PBXNativeTarget "COMP371-A2" */ = {
			isa = XCConfigurationList;
			buildConfigurations = (
				6E69ED3220AD0E3500A78ADC /* Debug */,
				6E69ED3320AD0E3500A78ADC /* Release */,
			);
			defaultConfigurationIsVisible = 0;
			defaultConfigurationName = Release;
		};
/* End XCConfigurationList section */
	};
	rootObject = 6E69ED2220AD0E3500A78ADC /* Project object */;
}
